version: v2
locks:
  f/finnews/prod/v1.flow+13e1746446ad05effbb9463d98192bfed6010154eb658aeaa7e92b41bf41df7c: 13e1746446ad05effbb9463d98192bfed6010154eb658aeaa7e92b41bf41df7c
  f/finnews/prod/v1.flow+298b81236c29fd32be8221e4451ca713c6f06e8044f19df410c2fa8a8df09748: 298b81236c29fd32be8221e4451ca713c6f06e8044f19df410c2fa8a8df09748
  f/finnews/prod/v1.flow+2f08fed5b2d8074120bd3a83e16377f515e4468445eeecec117e8a5084ee3aba: 2f08fed5b2d8074120bd3a83e16377f515e4468445eeecec117e8a5084ee3aba
  f/finnews/prod/v1.flow+309056c008b6a75b45837dc4648debb9e140f765a5d622639d431514c5636fe0: 309056c008b6a75b45837dc4648debb9e140f765a5d622639d431514c5636fe0
  f/finnews/prod/v1.flow+46cde4407b4fdffe8b7290718f99af62c6e8e93092efac9e8d8ef99cd1d5eead: 46cde4407b4fdffe8b7290718f99af62c6e8e93092efac9e8d8ef99cd1d5eead
  f/finnews/prod/v1.flow+5eab99c3384e51af48321c507d2c7cd5c42e0030bf17887265ac18d9d96ebfd7: 5eab99c3384e51af48321c507d2c7cd5c42e0030bf17887265ac18d9d96ebfd7
  f/finnews/prod/v1.flow+62468f8cf370346676732527169f5832b2765a92bfd103b39a864cfca3d64653: 62468f8cf370346676732527169f5832b2765a92bfd103b39a864cfca3d64653
  f/finnews/prod/v1.flow+63d8d39dd075ecd1f97deb3b46776d07267b1bbdd075a6b878f520ba5ce386cf: 63d8d39dd075ecd1f97deb3b46776d07267b1bbdd075a6b878f520ba5ce386cf
  f/finnews/prod/v1.flow+715fcf8557d4e67d7c52297d85fda66280d69786c1ea4bde19eea1aa0778528b: 715fcf8557d4e67d7c52297d85fda66280d69786c1ea4bde19eea1aa0778528b
  f/finnews/prod/v1.flow+7995b7048d3210678012e47c8186d280583385fd60506ccacda6b38d43a76331: 7995b7048d3210678012e47c8186d280583385fd60506ccacda6b38d43a76331
  f/finnews/prod/v1.flow+89ed43c9b51042af0abe07b7a13ffbcbd78597ac5ce93cb5eddb061755ab1135: 89ed43c9b51042af0abe07b7a13ffbcbd78597ac5ce93cb5eddb061755ab1135
  f/finnews/prod/v1.flow+8da65ede3302c5995c9a84f9c4f527962e7cac4040fa68d853d7465e7c8543be: 8da65ede3302c5995c9a84f9c4f527962e7cac4040fa68d853d7465e7c8543be
  f/finnews/prod/v1.flow+bc2bec497a9b42532dddc7fd9d16fe1727376096ae0afa2756b4687fec543175: bc2bec497a9b42532dddc7fd9d16fe1727376096ae0afa2756b4687fec543175
  f/finnews/prod/v1.flow+e7b0a43dffe3688c1d935a98d2bc27ad5753f4b61dbe35cd42a4a014ca5c3733: e7b0a43dffe3688c1d935a98d2bc27ad5753f4b61dbe35cd42a4a014ca5c3733
  f/finnews/prod/v1.flow+ff007f791e724f76be37a557ee492c819b1e84ed6b290d630964989b44d1e406: ff007f791e724f76be37a557ee492c819b1e84ed6b290d630964989b44d1e406
