version: v2
locks:
  f/scripts_chiton/check_rss_feeds: 6d7b71bcd5e667f398c59e7fa6830a9ba9fc70b297ea3d27f8083eee3a6bbb86
  f/scripts_chiton/fetch_html: e1d20c94243fee2f51f4080c5d6a97869bdc71ecaf452ce10a9e06b9cd628c6a
  f/scripts_chiton/llm_extract_news: d32e16e357422327b6dcf6fba976b9e6f4fc35d6173aa21f4d4edec4f2dafa79
  f/scripts_chiton/stats_crawl: 0d994a41c5109324a65b3f7e71029faa6561c2ca4f808726f2f6633172760890
  f/scripts_duykhai/demo_openai: bf7482ef0d88287faa59267d1e7f66e02ac59697131f5d00e6fd0cebb8dbdbfe
  f/scripts_duykhai/googleaistudio: 2c7c7a32f43fa84241500ad822008aa33bf195eded403cd0d3fbad0c7094d20f
  f/scripts_giaphuc/error_handler: bea22ca57ece78942135213ec823df1e91294b197782a35c38b1e0677397648f
  f/scripts_giaphuc/health_check: effc581ba95de0b0106b515e07117bb2789917ecd1714e1689e2fd72a72ea689
  f/scripts_giaphuc/monitoring: 30cf1b8fe153d62631f538c042e3e3462d59ab7b2aa6336da21dbf157cc7d79a
  f/scripts_khang/analys_summary: 442c4feebc43cb6b4a8434c907de0fa8a29df7e917b492f2195513f53e005bdd
  f/scripts_khang/check_rss_feed: 5523d8a208e3f493d3173429262c42edcb140664412922d6adc691de2ff87622
  f/scripts_khang/fetch_html: 9324e595094f3881a46b016fee66a2ae9be1f2353e7736f9aafe6fe613431930
  f/scripts_khang/get_analysis_window: 5f7170a0ebbaf1b4bbced476b4f2009571023eba36428b8a355c5bdd44f91d60
  f/scripts_khang/llm_extract_news: 67ae88151dcd482bd81fc9ea70df2605dec7eb4ac3fe0fbb9ef5c03a333fad0b
  f/scripts_khang/query_news_for_analysis: 73c3e3cc2961c87c7c86d33d15f598dcc9faac7adb2934f16fd0989e572f903d
  f/scripts_ngoctuong/check_rss_feeds: a7b71eee437bbd5fd424edfd9ddefea2403dd574b9c91e1d58ddcec7610d465b
  f/scripts_ngoctuong/fetch_html: db04779bfc41d9239167dd37cc5e84c9a69f29664d1793be86a27a9e8120c699
  f/scripts_ngoctuong/llm_extract_news: a5a1aa12723666a83f6fc74776ba6a8c022ed333e4cfe9256564f55df19a08a8
  f/scripts_ngoctuong/news_summary: 44933c26fed0cc285428a8f0a18bd178a38bd5727b33bbfb558a0e8542dc8d16
  f/scripts_theanh/crawler_theanh: 4205563d95372c961616ca5355040148dd495ec00f77a830ae59c1db508a07a5
  f/scripts_theanh/fetch_html_theanh: 5e76179c71ae27be00500a48149e2ec849bc368ec9c34f580eeda64e4466f93a
  f/scripts_theanh/llm_extract_news_theanh: 30785e4d96a3d1a2f3ec9d0580b564baa1b72f6fb1a31be7b0f6f2de861d70c7
  f/scripts_theanh/stats_crawler_theanh: 6f1c079f29047bb4a4a3aa285d2f327badef73fa6e23ae10f4b02d09a38c6a76
